// !$*UTF8*$!
{
	archiveVersion = 1;
	classes = {
	};
	objectVersion = 55;
	objects = {

/* Begin PBXBuildFile section */
		422D0B896A4A1918937025A6 /* Pods_VK_NewsFeed_App.framework in Frameworks */ = {isa = PBXBuildFile; fileRef = 1F0997E4E9C514B5EAC6B252 /* Pods_VK_NewsFeed_App.framework */; };
		FC735CF1288FE1A800DEB029 /* API.swift in Sources */ = {isa = PBXBuildFile; fileRef = FC735CF0288FE1A800DEB029 /* API.swift */; };
		FC735CF428915C6700DEB029 /* FeedResponse.swift in Sources */ = {isa = PBXBuildFile; fileRef = FC735CF328915C6700DEB029 /* FeedResponse.swift */; };
		FC8F3ABB28880E3500243494 /* AuthService.swift in Sources */ = {isa = PBXBuildFile; fileRef = FC8F3ABA28880E3500243494 /* AuthService.swift */; };
		FC8F3ABE288813FE00243494 /* AuthViewController.swift in Sources */ = {isa = PBXBuildFile; fileRef = FC8F3ABD288813FE00243494 /* AuthViewController.swift */; };
		FC8F3AC02888142C00243494 /* AuthViewController.storyboard in Resources */ = {isa = PBXBuildFile; fileRef = FC8F3ABF2888142C00243494 /* AuthViewController.storyboard */; };
		FCA2B8382885D6B6008B4E96 /* AppDelegate.swift in Sources */ = {isa = PBXBuildFile; fileRef = FCA2B8372885D6B6008B4E96 /* AppDelegate.swift */; };
		FCA2B8412885D6B9008B4E96 /* Assets.xcassets in Resources */ = {isa = PBXBuildFile; fileRef = FCA2B8402885D6B9008B4E96 /* Assets.xcassets */; };
		FCA2B8442885D6B9008B4E96 /* LaunchScreen.storyboard in Resources */ = {isa = PBXBuildFile; fileRef = FCA2B8422885D6B9008B4E96 /* LaunchScreen.storyboard */; };
		FCA5F481288E751900B59AE3 /* FeedViewController.swift in Sources */ = {isa = PBXBuildFile; fileRef = FCA5F480288E751900B59AE3 /* FeedViewController.swift */; };
		FCA5F483288E752F00B59AE3 /* FeedViewController.storyboard in Resources */ = {isa = PBXBuildFile; fileRef = FCA5F482288E752F00B59AE3 /* FeedViewController.storyboard */; };
		FCA5F485288E7ADC00B59AE3 /* UIViewController+Storyboard.swift in Sources */ = {isa = PBXBuildFile; fileRef = FCA5F484288E7ADC00B59AE3 /* UIViewController+Storyboard.swift */; };
		FCA5F489288E889F00B59AE3 /* NetworkService.swift in Sources */ = {isa = PBXBuildFile; fileRef = FCA5F488288E889F00B59AE3 /* NetworkService.swift */; };
/* End PBXBuildFile section */

/* Begin PBXFileReference section */
		08149725B0F06831F1EDCDD1 /* Pods-VK NewsFeed App.release.xcconfig */ = {isa = PBXFileReference; includeInIndex = 1; lastKnownFileType = text.xcconfig; name = "Pods-VK NewsFeed App.release.xcconfig"; path = "Target Support Files/Pods-VK NewsFeed App/Pods-VK NewsFeed App.release.xcconfig"; sourceTree = "<group>"; };
		1F0997E4E9C514B5EAC6B252 /* Pods_VK_NewsFeed_App.framework */ = {isa = PBXFileReference; explicitFileType = wrapper.framework; includeInIndex = 0; path = Pods_VK_NewsFeed_App.framework; sourceTree = BUILT_PRODUCTS_DIR; };
		F92CA72E201915CD96A279CB /* Pods-VK NewsFeed App.debug.xcconfig */ = {isa = PBXFileReference; includeInIndex = 1; lastKnownFileType = text.xcconfig; name = "Pods-VK NewsFeed App.debug.xcconfig"; path = "Target Support Files/Pods-VK NewsFeed App/Pods-VK NewsFeed App.debug.xcconfig"; sourceTree = "<group>"; };
		FC735CF0288FE1A800DEB029 /* API.swift */ = {isa = PBXFileReference; lastKnownFileType = sourcecode.swift; path = API.swift; sourceTree = "<group>"; };
		FC735CF328915C6700DEB029 /* FeedResponse.swift */ = {isa = PBXFileReference; lastKnownFileType = sourcecode.swift; path = FeedResponse.swift; sourceTree = "<group>"; };
		FC8F3ABA28880E3500243494 /* AuthService.swift */ = {isa = PBXFileReference; lastKnownFileType = sourcecode.swift; path = AuthService.swift; sourceTree = "<group>"; };
		FC8F3ABD288813FE00243494 /* AuthViewController.swift */ = {isa = PBXFileReference; lastKnownFileType = sourcecode.swift; path = AuthViewController.swift; sourceTree = "<group>"; };
		FC8F3ABF2888142C00243494 /* AuthViewController.storyboard */ = {isa = PBXFileReference; lastKnownFileType = file.storyboard; path = AuthViewController.storyboard; sourceTree = "<group>"; };
		FCA2B8342885D6B6008B4E96 /* VK NewsFeed App.app */ = {isa = PBXFileReference; explicitFileType = wrapper.application; includeInIndex = 0; path = "VK NewsFeed App.app"; sourceTree = BUILT_PRODUCTS_DIR; };
		FCA2B8372885D6B6008B4E96 /* AppDelegate.swift */ = {isa = PBXFileReference; lastKnownFileType = sourcecode.swift; path = AppDelegate.swift; sourceTree = "<group>"; };
		FCA2B8402885D6B9008B4E96 /* Assets.xcassets */ = {isa = PBXFileReference; lastKnownFileType = folder.assetcatalog; path = Assets.xcassets; sourceTree = "<group>"; };
		FCA2B8432885D6B9008B4E96 /* Base */ = {isa = PBXFileReference; lastKnownFileType = file.storyboard; name = Base; path = Base.lproj/LaunchScreen.storyboard; sourceTree = "<group>"; };
		FCA2B8452885D6B9008B4E96 /* Info.plist */ = {isa = PBXFileReference; lastKnownFileType = text.plist.xml; path = Info.plist; sourceTree = "<group>"; };
		FCA5F480288E751900B59AE3 /* FeedViewController.swift */ = {isa = PBXFileReference; lastKnownFileType = sourcecode.swift; path = FeedViewController.swift; sourceTree = "<group>"; };
		FCA5F482288E752F00B59AE3 /* FeedViewController.storyboard */ = {isa = PBXFileReference; lastKnownFileType = file.storyboard; path = FeedViewController.storyboard; sourceTree = "<group>"; };
		FCA5F484288E7ADC00B59AE3 /* UIViewController+Storyboard.swift */ = {isa = PBXFileReference; lastKnownFileType = sourcecode.swift; path = "UIViewController+Storyboard.swift"; sourceTree = "<group>"; };
		FCA5F488288E889F00B59AE3 /* NetworkService.swift */ = {isa = PBXFileReference; lastKnownFileType = sourcecode.swift; path = NetworkService.swift; sourceTree = "<group>"; };
/* End PBXFileReference section */

/* Begin PBXFrameworksBuildPhase section */
		FCA2B8312885D6B6008B4E96 /* Frameworks */ = {
			isa = PBXFrameworksBuildPhase;
			buildActionMask = 2147483647;
			files = (
				422D0B896A4A1918937025A6 /* Pods_VK_NewsFeed_App.framework in Frameworks */,
			);
			runOnlyForDeploymentPostprocessing = 0;
		};
/* End PBXFrameworksBuildPhase section */

/* Begin PBXGroup section */
		F30EB282F01CC98D03193C5A /* Pods */ = {
			isa = PBXGroup;
			children = (
				F92CA72E201915CD96A279CB /* Pods-VK NewsFeed App.debug.xcconfig */,
				08149725B0F06831F1EDCDD1 /* Pods-VK NewsFeed App.release.xcconfig */,
			);
			path = Pods;
			sourceTree = "<group>";
		};
		F95525D58874977009887A42 /* Frameworks */ = {
			isa = PBXGroup;
			children = (
				1F0997E4E9C514B5EAC6B252 /* Pods_VK_NewsFeed_App.framework */,
			);
			name = Frameworks;
			sourceTree = "<group>";
		};
		FC735CF228915C3E00DEB029 /* Models */ = {
			isa = PBXGroup;
			children = (
				FC735CF328915C6700DEB029 /* FeedResponse.swift */,
			);
			path = Models;
			sourceTree = "<group>";
		};
		FC8F3ABC28880E5300243494 /* Services */ = {
			isa = PBXGroup;
			children = (
				FC735CF228915C3E00DEB029 /* Models */,
				FC8F3ABA28880E3500243494 /* AuthService.swift */,
				FCA5F488288E889F00B59AE3 /* NetworkService.swift */,
				FC735CF0288FE1A800DEB029 /* API.swift */,
			);
			path = Services;
			sourceTree = "<group>";
		};
		FC8F3AC12888145C00243494 /* Auth */ = {
			isa = PBXGroup;
			children = (
				FC8F3ABD288813FE00243494 /* AuthViewController.swift */,
				FC8F3ABF2888142C00243494 /* AuthViewController.storyboard */,
			);
			path = Auth;
			sourceTree = "<group>";
		};
		FCA2B82B2885D6B6008B4E96 = {
			isa = PBXGroup;
			children = (
				FCA2B8362885D6B6008B4E96 /* VK NewsFeed App */,
				FCA2B8352885D6B6008B4E96 /* Products */,
				F30EB282F01CC98D03193C5A /* Pods */,
				F95525D58874977009887A42 /* Frameworks */,
			);
			sourceTree = "<group>";
		};
		FCA2B8352885D6B6008B4E96 /* Products */ = {
			isa = PBXGroup;
			children = (
				FCA2B8342885D6B6008B4E96 /* VK NewsFeed App.app */,
			);
			name = Products;
			sourceTree = "<group>";
		};
		FCA2B8362885D6B6008B4E96 /* VK NewsFeed App */ = {
			isa = PBXGroup;
			children = (
				FCA2B8372885D6B6008B4E96 /* AppDelegate.swift */,
				FC8F3ABC28880E5300243494 /* Services */,
				FC8F3AC12888145C00243494 /* Auth */,
				FCA5F487288E885B00B59AE3 /* FeedViewController */,
				FCA5F486288E7AE400B59AE3 /* Helpers */,
				FCA2B8402885D6B9008B4E96 /* Assets.xcassets */,
				FCA2B8422885D6B9008B4E96 /* LaunchScreen.storyboard */,
				FCA2B8452885D6B9008B4E96 /* Info.plist */,
			);
			path = "VK NewsFeed App";
			sourceTree = "<group>";
		};
		FCA5F486288E7AE400B59AE3 /* Helpers */ = {
			isa = PBXGroup;
			children = (
				FCA5F484288E7ADC00B59AE3 /* UIViewController+Storyboard.swift */,
			);
			path = Helpers;
			sourceTree = "<group>";
		};
		FCA5F487288E885B00B59AE3 /* FeedViewController */ = {
			isa = PBXGroup;
			children = (
				FCA5F480288E751900B59AE3 /* FeedViewController.swift */,
				FCA5F482288E752F00B59AE3 /* FeedViewController.storyboard */,
			);
			path = FeedViewController;
			sourceTree = "<group>";
		};
/* End PBXGroup section */

/* Begin PBXNativeTarget section */
		FCA2B8332885D6B6008B4E96 /* VK NewsFeed App */ = {
			isa = PBXNativeTarget;
			buildConfigurationList = FCA2B8482885D6B9008B4E96 /* Build configuration list for PBXNativeTarget "VK NewsFeed App" */;
			buildPhases = (
				8FF1244F16D0922E617C9E3C /* [CP] Check Pods Manifest.lock */,
				FCA2B8302885D6B6008B4E96 /* Sources */,
				FCA2B8312885D6B6008B4E96 /* Frameworks */,
				FCA2B8322885D6B6008B4E96 /* Resources */,
				82490B9625F617628A80B9EC /* [CP] Embed Pods Frameworks */,
			);
			buildRules = (
			);
			dependencies = (
			);
			name = "VK NewsFeed App";
			productName = "VK NewsFeed App";
			productReference = FCA2B8342885D6B6008B4E96 /* VK NewsFeed App.app */;
			productType = "com.apple.product-type.application";
		};
/* End PBXNativeTarget section */

/* Begin PBXProject section */
		FCA2B82C2885D6B6008B4E96 /* Project object */ = {
			isa = PBXProject;
			attributes = {
				BuildIndependentTargetsInParallel = 1;
				LastSwiftUpdateCheck = 1310;
				LastUpgradeCheck = 1310;
				TargetAttributes = {
					FCA2B8332885D6B6008B4E96 = {
						CreatedOnToolsVersion = 13.1;
					};
				};
			};
			buildConfigurationList = FCA2B82F2885D6B6008B4E96 /* Build configuration list for PBXProject "VK NewsFeed App" */;
			compatibilityVersion = "Xcode 13.0";
			developmentRegion = en;
			hasScannedForEncodings = 0;
			knownRegions = (
				en,
				Base,
			);
			mainGroup = FCA2B82B2885D6B6008B4E96;
			productRefGroup = FCA2B8352885D6B6008B4E96 /* Products */;
			projectDirPath = "";
			projectRoot = "";
			targets = (
				FCA2B8332885D6B6008B4E96 /* VK NewsFeed App */,
			);
		};
/* End PBXProject section */

/* Begin PBXResourcesBuildPhase section */
		FCA2B8322885D6B6008B4E96 /* Resources */ = {
			isa = PBXResourcesBuildPhase;
			buildActionMask = 2147483647;
			files = (
				FCA2B8442885D6B9008B4E96 /* LaunchScreen.storyboard in Resources */,
				FC8F3AC02888142C00243494 /* AuthViewController.storyboard in Resources */,
				FCA2B8412885D6B9008B4E96 /* Assets.xcassets in Resources */,
				FCA5F483288E752F00B59AE3 /* FeedViewController.storyboard in Resources */,
			);
			runOnlyForDeploymentPostprocessing = 0;
		};
/* End PBXResourcesBuildPhase section */

/* Begin PBXShellScriptBuildPhase section */
		82490B9625F617628A80B9EC /* [CP] Embed Pods Frameworks */ = {
			isa = PBXShellScriptBuildPhase;
			buildActionMask = 2147483647;
			files = (
			);
			inputFileListPaths = (
				"${PODS_ROOT}/Target Support Files/Pods-VK NewsFeed App/Pods-VK NewsFeed App-frameworks-${CONFIGURATION}-input-files.xcfilelist",
			);
			name = "[CP] Embed Pods Frameworks";
			outputFileListPaths = (
				"${PODS_ROOT}/Target Support Files/Pods-VK NewsFeed App/Pods-VK NewsFeed App-frameworks-${CONFIGURATION}-output-files.xcfilelist",
			);
			runOnlyForDeploymentPostprocessing = 0;
			shellPath = /bin/sh;
			shellScript = "\"${PODS_ROOT}/Target Support Files/Pods-VK NewsFeed App/Pods-VK NewsFeed App-frameworks.sh\"\n";
			showEnvVarsInLog = 0;
		};
		8FF1244F16D0922E617C9E3C /* [CP] Check Pods Manifest.lock */ = {
			isa = PBXShellScriptBuildPhase;
			buildActionMask = 2147483647;
			files = (
			);
			inputFileListPaths = (
			);
			inputPaths = (
				"${PODS_PODFILE_DIR_PATH}/Podfile.lock",
				"${PODS_ROOT}/Manifest.lock",
			);
			name = "[CP] Check Pods Manifest.lock";
			outputFileListPaths = (
			);
			outputPaths = (
				"$(DERIVED_FILE_DIR)/Pods-VK NewsFeed App-checkManifestLockResult.txt",
			);
			runOnlyForDeploymentPostprocessing = 0;
			shellPath = /bin/sh;
			shellScript = "diff \"${PODS_PODFILE_DIR_PATH}/Podfile.lock\" \"${PODS_ROOT}/Manifest.lock\" > /dev/null\nif [ $? != 0 ] ; then\n    # print error to STDERR\n    echo \"error: The sandbox is not in sync with the Podfile.lock. Run 'pod install' or update your CocoaPods installation.\" >&2\n    exit 1\nfi\n# This output is used by Xcode 'outputs' to avoid re-running this script phase.\necho \"SUCCESS\" > \"${SCRIPT_OUTPUT_FILE_0}\"\n";
			showEnvVarsInLog = 0;
		};
/* End PBXShellScriptBuildPhase section */

/* Begin PBXSourcesBuildPhase section */
		FCA2B8302885D6B6008B4E96 /* Sources */ = {
			isa = PBXSourcesBuildPhase;
			buildActionMask = 2147483647;
			files = (
				FC735CF428915C6700DEB029 /* FeedResponse.swift in Sources */,
				FC8F3ABE288813FE00243494 /* AuthViewController.swift in Sources */,
				FCA2B8382885D6B6008B4E96 /* AppDelegate.swift in Sources */,
				FCA5F481288E751900B59AE3 /* FeedViewController.swift in Sources */,
				FCA5F485288E7ADC00B59AE3 /* UIViewController+Storyboard.swift in Sources */,
				FCA5F489288E889F00B59AE3 /* NetworkService.swift in Sources */,
				FC8F3ABB28880E3500243494 /* AuthService.swift in Sources */,
				FC735CF1288FE1A800DEB029 /* API.swift in Sources */,
			);
			runOnlyForDeploymentPostprocessing = 0;
		};
/* End PBXSourcesBuildPhase section */

/* Begin PBXVariantGroup section */
		FCA2B8422885D6B9008B4E96 /* LaunchScreen.storyboard */ = {
			isa = PBXVariantGroup;
			children = (
				FCA2B8432885D6B9008B4E96 /* Base */,
			);
			name = LaunchScreen.storyboard;
			sourceTree = "<group>";
		};
/* End PBXVariantGroup section */

/* Begin XCBuildConfiguration section */
		FCA2B8462885D6B9008B4E96 /* Debug */ = {
			isa = XCBuildConfiguration;
			buildSettings = {
				ALWAYS_SEARCH_USER_PATHS = NO;
				CLANG_ANALYZER_NONNULL = YES;
				CLANG_ANALYZER_NUMBER_OBJECT_CONVERSION = YES_AGGRESSIVE;
				CLANG_CXX_LANGUAGE_STANDARD = "gnu++17";
				CLANG_CXX_LIBRARY = "libc++";
				CLANG_ENABLE_MODULES = YES;
				CLANG_ENABLE_OBJC_ARC = YES;
				CLANG_ENABLE_OBJC_WEAK = YES;
				CLANG_WARN_BLOCK_CAPTURE_AUTORELEASING = YES;
				CLANG_WARN_BOOL_CONVERSION = YES;
				CLANG_WARN_COMMA = YES;
				CLANG_WARN_CONSTANT_CONVERSION = YES;
				CLANG_WARN_DEPRECATED_OBJC_IMPLEMENTATIONS = YES;
				CLANG_WARN_DIRECT_OBJC_ISA_USAGE = YES_ERROR;
				CLANG_WARN_DOCUMENTATION_COMMENTS = YES;
				CLANG_WARN_EMPTY_BODY = YES;
				CLANG_WARN_ENUM_CONVERSION = YES;
				CLANG_WARN_INFINITE_RECURSION = YES;
				CLANG_WARN_INT_CONVERSION = YES;
				CLANG_WARN_NON_LITERAL_NULL_CONVERSION = YES;
				CLANG_WARN_OBJC_IMPLICIT_RETAIN_SELF = YES;
				CLANG_WARN_OBJC_LITERAL_CONVERSION = YES;
				CLANG_WARN_OBJC_ROOT_CLASS = YES_ERROR;
				CLANG_WARN_QUOTED_INCLUDE_IN_FRAMEWORK_HEADER = YES;
				CLANG_WARN_RANGE_LOOP_ANALYSIS = YES;
				CLANG_WARN_STRICT_PROTOTYPES = YES;
				CLANG_WARN_SUSPICIOUS_MOVE = YES;
				CLANG_WARN_UNGUARDED_AVAILABILITY = YES_AGGRESSIVE;
				CLANG_WARN_UNREACHABLE_CODE = YES;
				CLANG_WARN__DUPLICATE_METHOD_MATCH = YES;
				COPY_PHASE_STRIP = NO;
				DEBUG_INFORMATION_FORMAT = dwarf;
				ENABLE_STRICT_OBJC_MSGSEND = YES;
				ENABLE_TESTABILITY = YES;
				GCC_C_LANGUAGE_STANDARD = gnu11;
				GCC_DYNAMIC_NO_PIC = NO;
				GCC_NO_COMMON_BLOCKS = YES;
				GCC_OPTIMIZATION_LEVEL = 0;
				GCC_PREPROCESSOR_DEFINITIONS = (
					"DEBUG=1",
					"$(inherited)",
				);
				GCC_WARN_64_TO_32_BIT_CONVERSION = YES;
				GCC_WARN_ABOUT_RETURN_TYPE = YES_ERROR;
				GCC_WARN_UNDECLARED_SELECTOR = YES;
				GCC_WARN_UNINITIALIZED_AUTOS = YES_AGGRESSIVE;
				GCC_WARN_UNUSED_FUNCTION = YES;
				GCC_WARN_UNUSED_VARIABLE = YES;
				IPHONEOS_DEPLOYMENT_TARGET = 15.0;
				MTL_ENABLE_DEBUG_INFO = INCLUDE_SOURCE;
				MTL_FAST_MATH = YES;
				ONLY_ACTIVE_ARCH = YES;
				SDKROOT = iphoneos;
				SWIFT_ACTIVE_COMPILATION_CONDITIONS = DEBUG;
				SWIFT_OPTIMIZATION_LEVEL = "-Onone";
			};
			name = Debug;
		};
		FCA2B8472885D6B9008B4E96 /* Release */ = {
			isa = XCBuildConfiguration;
			buildSettings = {
				ALWAYS_SEARCH_USER_PATHS = NO;
				CLANG_ANALYZER_NONNULL = YES;
				CLANG_ANALYZER_NUMBER_OBJECT_CONVERSION = YES_AGGRESSIVE;
				CLANG_CXX_LANGUAGE_STANDARD = "gnu++17";
				CLANG_CXX_LIBRARY = "libc++";
				CLANG_ENABLE_MODULES = YES;
				CLANG_ENABLE_OBJC_ARC = YES;
				CLANG_ENABLE_OBJC_WEAK = YES;
				CLANG_WARN_BLOCK_CAPTURE_AUTORELEASING = YES;
				CLANG_WARN_BOOL_CONVERSION = YES;
				CLANG_WARN_COMMA = YES;
				CLANG_WARN_CONSTANT_CONVERSION = YES;
				CLANG_WARN_DEPRECATED_OBJC_IMPLEMENTATIONS = YES;
				CLANG_WARN_DIRECT_OBJC_ISA_USAGE = YES_ERROR;
				CLANG_WARN_DOCUMENTATION_COMMENTS = YES;
				CLANG_WARN_EMPTY_BODY = YES;
				CLANG_WARN_ENUM_CONVERSION = YES;
				CLANG_WARN_INFINITE_RECURSION = YES;
				CLANG_WARN_INT_CONVERSION = YES;
				CLANG_WARN_NON_LITERAL_NULL_CONVERSION = YES;
				CLANG_WARN_OBJC_IMPLICIT_RETAIN_SELF = YES;
				CLANG_WARN_OBJC_LITERAL_CONVERSION = YES;
				CLANG_WARN_OBJC_ROOT_CLASS = YES_ERROR;
				CLANG_WARN_QUOTED_INCLUDE_IN_FRAMEWORK_HEADER = YES;
				CLANG_WARN_RANGE_LOOP_ANALYSIS = YES;
				CLANG_WARN_STRICT_PROTOTYPES = YES;
				CLANG_WARN_SUSPICIOUS_MOVE = YES;
				CLANG_WARN_UNGUARDED_AVAILABILITY = YES_AGGRESSIVE;
				CLANG_WARN_UNREACHABLE_CODE = YES;
				CLANG_WARN__DUPLICATE_METHOD_MATCH = YES;
				COPY_PHASE_STRIP = NO;
				DEBUG_INFORMATION_FORMAT = "dwarf-with-dsym";
				ENABLE_NS_ASSERTIONS = NO;
				ENABLE_STRICT_OBJC_MSGSEND = YES;
				GCC_C_LANGUAGE_STANDARD = gnu11;
				GCC_NO_COMMON_BLOCKS = YES;
				GCC_WARN_64_TO_32_BIT_CONVERSION = YES;
				GCC_WARN_ABOUT_RETURN_TYPE = YES_ERROR;
				GCC_WARN_UNDECLARED_SELECTOR = YES;
				GCC_WARN_UNINITIALIZED_AUTOS = YES_AGGRESSIVE;
				GCC_WARN_UNUSED_FUNCTION = YES;
				GCC_WARN_UNUSED_VARIABLE = YES;
				IPHONEOS_DEPLOYMENT_TARGET = 15.0;
				MTL_ENABLE_DEBUG_INFO = NO;
				MTL_FAST_MATH = YES;
				SDKROOT = iphoneos;
				SWIFT_COMPILATION_MODE = wholemodule;
				SWIFT_OPTIMIZATION_LEVEL = "-O";
				VALIDATE_PRODUCT = YES;
			};
			name = Release;
		};
		FCA2B8492885D6B9008B4E96 /* Debug */ = {
			isa = XCBuildConfiguration;
			baseConfigurationReference = F92CA72E201915CD96A279CB /* Pods-VK NewsFeed App.debug.xcconfig */;
			buildSettings = {
				ASSETCATALOG_COMPILER_APPICON_NAME = AppIcon;
				ASSETCATALOG_COMPILER_GLOBAL_ACCENT_COLOR_NAME = AccentColor;
				CODE_SIGN_STYLE = Automatic;
				CURRENT_PROJECT_VERSION = 1;
				DEVELOPMENT_TEAM = TY4Z5A4HHN;
				GENERATE_INFOPLIST_FILE = YES;
				INFOPLIST_FILE = "VK NewsFeed App/Info.plist";
				INFOPLIST_KEY_UIApplicationSupportsIndirectInputEvents = YES;
				INFOPLIST_KEY_UILaunchStoryboardName = LaunchScreen;
				INFOPLIST_KEY_UISupportedInterfaceOrientations_iPad = "UIInterfaceOrientationPortrait UIInterfaceOrientationPortraitUpsideDown UIInterfaceOrientationLandscapeLeft UIInterfaceOrientationLandscapeRight";
				INFOPLIST_KEY_UISupportedInterfaceOrientations_iPhone = "UIInterfaceOrientationPortrait UIInterfaceOrientationLandscapeLeft UIInterfaceOrientationLandscapeRight";
				LD_RUNPATH_SEARCH_PATHS = (
					"$(inherited)",
					"@executable_path/Frameworks",
				);
				MARKETING_VERSION = 1.0;
				PRODUCT_BUNDLE_IDENTIFIER = "asbul.VK-NewsFeed-App";
				PRODUCT_NAME = "$(TARGET_NAME)";
				SWIFT_EMIT_LOC_STRINGS = YES;
				SWIFT_VERSION = 5.0;
				TARGETED_DEVICE_FAMILY = "1,2";
			};
			name = Debug;
		};
		FCA2B84A2885D6B9008B4E96 /* Release */ = {
			isa = XCBuildConfiguration;
			baseConfigurationReference = 08149725B0F06831F1EDCDD1 /* Pods-VK NewsFeed App.release.xcconfig */;
			buildSettings = {
				ASSETCATALOG_COMPILER_APPICON_NAME = AppIcon;
				ASSETCATALOG_COMPILER_GLOBAL_ACCENT_COLOR_NAME = AccentColor;
				CODE_SIGN_STYLE = Automatic;
				CURRENT_PROJECT_VERSION = 1;
				DEVELOPMENT_TEAM = TY4Z5A4HHN;
				GENERATE_INFOPLIST_FILE = YES;
				INFOPLIST_FILE = "VK NewsFeed App/Info.plist";
				INFOPLIST_KEY_UIApplicationSupportsIndirectInputEvents = YES;
				INFOPLIST_KEY_UILaunchStoryboardName = LaunchScreen;
				INFOPLIST_KEY_UISupportedInterfaceOrientations_iPad = "UIInterfaceOrientationPortrait UIInterfaceOrientationPortraitUpsideDown UIInterfaceOrientationLandscapeLeft UIInterfaceOrientationLandscapeRight";
				INFOPLIST_KEY_UISupportedInterfaceOrientations_iPhone = "UIInterfaceOrientationPortrait UIInterfaceOrientationLandscapeLeft UIInterfaceOrientationLandscapeRight";
				LD_RUNPATH_SEARCH_PATHS = (
					"$(inherited)",
					"@executable_path/Frameworks",
				);
				MARKETING_VERSION = 1.0;
				PRODUCT_BUNDLE_IDENTIFIER = "asbul.VK-NewsFeed-App";
				PRODUCT_NAME = "$(TARGET_NAME)";
				SWIFT_EMIT_LOC_STRINGS = YES;
				SWIFT_VERSION = 5.0;
				TARGETED_DEVICE_FAMILY = "1,2";
			};
			name = Release;
		};
/* End XCBuildConfiguration section */

/* Begin XCConfigurationList section */
		FCA2B82F2885D6B6008B4E96 /* Build configuration list for PBXProject "VK NewsFeed App" */ = {
			isa = XCConfigurationList;
			buildConfigurations = (
				FCA2B8462885D6B9008B4E96 /* Debug */,
				FCA2B8472885D6B9008B4E96 /* Release */,
			);
			defaultConfigurationIsVisible = 0;
			defaultConfigurationName = Release;
		};
		FCA2B8482885D6B9008B4E96 /* Build configuration list for PBXNativeTarget "VK NewsFeed App" */ = {
			isa = XCConfigurationList;
			buildConfigurations = (
				FCA2B8492885D6B9008B4E96 /* Debug */,
				FCA2B84A2885D6B9008B4E96 /* Release */,
			);
			defaultConfigurationIsVisible = 0;
			defaultConfigurationName = Release;
		};
/* End XCConfigurationList section */
	};
	rootObject = FCA2B82C2885D6B6008B4E96 /* Project object */;
}
